%{
  "earmark": {:hex, :earmark, "0.2.1", "ba6d26ceb16106d069b289df66751734802777a3cbb6787026dd800ffeb850f3", [:mix], []},
  "ex_doc": {:hex, :ex_doc, "0.11.4", "a064bdb720594c3745b94709b17ffb834fd858b4e0c1f48f37c0d92700759e02", [:mix], [{:earmark, "~> 0.1.17 or ~> 0.2", [hex: :earmark, optional: true]}]},
  "exromaji": {:hex, :exromaji, "1.0.0", "8c719dc3f6d0de58a9a52de8a40940713e515f7f59d9643a678322e4b7ca49b9", [:mix], [], "hexpm"},
  "inch_ex": {:hex, :inch_ex, "0.5.1", "c1c18966c935944cbb2d273796b36e44fab3c54fd59f906ff026a686205b4e14", [:mix], [{:poison, "~> 1.5 or ~> 2.0", [hex: :poison, optional: false]}]},
  "poison": {:hex, :poison, "2.0.1", "81248a36d1b602b17ea6556bfa8952492091f01af05173de11f8b297e2bbf088", [:mix], []},
}
